// !$*UTF8*$!
{
	archiveVersion = 1;
	classes = {
	};
	objectVersion = 55;
	objects = {

/* Begin PBXBuildFile section */
		F05B76D927E11CE1009532D6 /* RandomUsersApp.swift in Sources */ = {isa = PBXBuildFile; fileRef = F05B76C927E11CE1009532D6 /* RandomUsersApp.swift */; };
		F05B76DA27E11CE1009532D6 /* RandomUsersApp.swift in Sources */ = {isa = PBXBuildFile; fileRef = F05B76C927E11CE1009532D6 /* RandomUsersApp.swift */; };
		F05B76DB27E11CE1009532D6 /* UserList.swift in Sources */ = {isa = PBXBuildFile; fileRef = F05B76CA27E11CE1009532D6 /* UserList.swift */; };
		F05B76DD27E11CE1009532D6 /* Assets.xcassets in Resources */ = {isa = PBXBuildFile; fileRef = F05B76CB27E11CE1009532D6 /* Assets.xcassets */; };
		F05B76DE27E11CE1009532D6 /* Assets.xcassets in Resources */ = {isa = PBXBuildFile; fileRef = F05B76CB27E11CE1009532D6 /* Assets.xcassets */; };
		F05B76EB27E11FB9009532D6 /* UserListViewModel.swift in Sources */ = {isa = PBXBuildFile; fileRef = F05B76EA27E11FB9009532D6 /* UserListViewModel.swift */; };
		F05B76EC27E12270009532D6 /* UserList.swift in Sources */ = {isa = PBXBuildFile; fileRef = F05B76CA27E11CE1009532D6 /* UserList.swift */; };
		F05B76ED27E12273009532D6 /* UserListViewModel.swift in Sources */ = {isa = PBXBuildFile; fileRef = F05B76EA27E11FB9009532D6 /* UserListViewModel.swift */; };
		F05B76EF27E1236E009532D6 /* User.swift in Sources */ = {isa = PBXBuildFile; fileRef = F05B76EE27E1236E009532D6 /* User.swift */; };
		F05B76F027E124D9009532D6 /* User.swift in Sources */ = {isa = PBXBuildFile; fileRef = F05B76EE27E1236E009532D6 /* User.swift */; };
		F05B76F227E23CB5009532D6 /* UsersListItem.swift in Sources */ = {isa = PBXBuildFile; fileRef = F05B76F127E23CB5009532D6 /* UsersListItem.swift */; };
		F05B76F327E23CB5009532D6 /* UsersListItem.swift in Sources */ = {isa = PBXBuildFile; fileRef = F05B76F127E23CB5009532D6 /* UsersListItem.swift */; };
		F05B76F527E23D77009532D6 /* UsersListItemViewModel.swift in Sources */ = {isa = PBXBuildFile; fileRef = F05B76F427E23D77009532D6 /* UsersListItemViewModel.swift */; };
		F05B76F627E23D77009532D6 /* UsersListItemViewModel.swift in Sources */ = {isa = PBXBuildFile; fileRef = F05B76F427E23D77009532D6 /* UsersListItemViewModel.swift */; };
/* End PBXBuildFile section */

/* Begin PBXFileReference section */
		F05B76C927E11CE1009532D6 /* RandomUsersApp.swift */ = {isa = PBXFileReference; lastKnownFileType = sourcecode.swift; path = RandomUsersApp.swift; sourceTree = "<group>"; };
		F05B76CA27E11CE1009532D6 /* UserList.swift */ = {isa = PBXFileReference; lastKnownFileType = sourcecode.swift; path = UserList.swift; sourceTree = "<group>"; };
		F05B76CB27E11CE1009532D6 /* Assets.xcassets */ = {isa = PBXFileReference; lastKnownFileType = folder.assetcatalog; path = Assets.xcassets; sourceTree = "<group>"; };
		F05B76D027E11CE1009532D6 /* RandomUsers.app */ = {isa = PBXFileReference; explicitFileType = wrapper.application; includeInIndex = 0; path = RandomUsers.app; sourceTree = BUILT_PRODUCTS_DIR; };
		F05B76D627E11CE1009532D6 /* RandomUsers.app */ = {isa = PBXFileReference; explicitFileType = wrapper.application; includeInIndex = 0; path = RandomUsers.app; sourceTree = BUILT_PRODUCTS_DIR; };
		F05B76D827E11CE1009532D6 /* macOS.entitlements */ = {isa = PBXFileReference; lastKnownFileType = text.plist.entitlements; path = macOS.entitlements; sourceTree = "<group>"; };
		F05B76EA27E11FB9009532D6 /* UserListViewModel.swift */ = {isa = PBXFileReference; lastKnownFileType = sourcecode.swift; path = UserListViewModel.swift; sourceTree = "<group>"; };
		F05B76EE27E1236E009532D6 /* User.swift */ = {isa = PBXFileReference; lastKnownFileType = sourcecode.swift; path = User.swift; sourceTree = "<group>"; };
		F05B76F127E23CB5009532D6 /* UsersListItem.swift */ = {isa = PBXFileReference; lastKnownFileType = sourcecode.swift; path = UsersListItem.swift; sourceTree = "<group>"; };
		F05B76F427E23D77009532D6 /* UsersListItemViewModel.swift */ = {isa = PBXFileReference; lastKnownFileType = sourcecode.swift; path = UsersListItemViewModel.swift; sourceTree = "<group>"; };
/* End PBXFileReference section */

/* Begin PBXFrameworksBuildPhase section */
		F05B76CD27E11CE1009532D6 /* Frameworks */ = {
			isa = PBXFrameworksBuildPhase;
			buildActionMask = 2147483647;
			files = (
			);
			runOnlyForDeploymentPostprocessing = 0;
		};
		F05B76D327E11CE1009532D6 /* Frameworks */ = {
			isa = PBXFrameworksBuildPhase;
			buildActionMask = 2147483647;
			files = (
			);
			runOnlyForDeploymentPostprocessing = 0;
		};
/* End PBXFrameworksBuildPhase section */

/* Begin PBXGroup section */
		F05B76C327E11CE0009532D6 = {
			isa = PBXGroup;
			children = (
				F05B76C827E11CE1009532D6 /* Shared */,
				F05B76D727E11CE1009532D6 /* macOS */,
				F05B76D127E11CE1009532D6 /* Products */,
			);
			sourceTree = "<group>";
		};
		F05B76C827E11CE1009532D6 /* Shared */ = {
			isa = PBXGroup;
			children = (
				F05B76E927E11F0A009532D6 /* Models */,
				F05B76E827E11F02009532D6 /* ViewModels */,
				F05B76E727E11EE3009532D6 /* Views */,
				F05B76C927E11CE1009532D6 /* RandomUsersApp.swift */,
				F05B76CB27E11CE1009532D6 /* Assets.xcassets */,
			);
			path = Shared;
			sourceTree = "<group>";
		};
		F05B76D127E11CE1009532D6 /* Products */ = {
			isa = PBXGroup;
			children = (
				F05B76D027E11CE1009532D6 /* RandomUsers.app */,
				F05B76D627E11CE1009532D6 /* RandomUsers.app */,
			);
			name = Products;
			sourceTree = "<group>";
		};
		F05B76D727E11CE1009532D6 /* macOS */ = {
			isa = PBXGroup;
			children = (
				F05B76D827E11CE1009532D6 /* macOS.entitlements */,
			);
			path = macOS;
			sourceTree = "<group>";
		};
		F05B76E727E11EE3009532D6 /* Views */ = {
			isa = PBXGroup;
			children = (
				F05B76CA27E11CE1009532D6 /* UserList.swift */,
				F05B76F127E23CB5009532D6 /* UsersListItem.swift */,
			);
			path = Views;
			sourceTree = "<group>";
		};
		F05B76E827E11F02009532D6 /* ViewModels */ = {
			isa = PBXGroup;
			children = (
				F05B76EA27E11FB9009532D6 /* UserListViewModel.swift */,
				F05B76F427E23D77009532D6 /* UsersListItemViewModel.swift */,
			);
			path = ViewModels;
			sourceTree = "<group>";
		};
		F05B76E927E11F0A009532D6 /* Models */ = {
			isa = PBXGroup;
			children = (
				F05B76EE27E1236E009532D6 /* User.swift */,
			);
			path = Models;
			sourceTree = "<group>";
		};
/* End PBXGroup section */

/* Begin PBXNativeTarget section */
		F05B76CF27E11CE1009532D6 /* RandomUsers (iOS) */ = {
			isa = PBXNativeTarget;
			buildConfigurationList = F05B76E127E11CE1009532D6 /* Build configuration list for PBXNativeTarget "RandomUsers (iOS)" */;
			buildPhases = (
				F05B76CC27E11CE1009532D6 /* Sources */,
				F05B76CD27E11CE1009532D6 /* Frameworks */,
				F05B76CE27E11CE1009532D6 /* Resources */,
			);
			buildRules = (
			);
			dependencies = (
			);
			name = "RandomUsers (iOS)";
			productName = "RandomUsers (iOS)";
			productReference = F05B76D027E11CE1009532D6 /* RandomUsers.app */;
			productType = "com.apple.product-type.application";
		};
		F05B76D527E11CE1009532D6 /* RandomUsers (macOS) */ = {
			isa = PBXNativeTarget;
			buildConfigurationList = F05B76E427E11CE1009532D6 /* Build configuration list for PBXNativeTarget "RandomUsers (macOS)" */;
			buildPhases = (
				F05B76D227E11CE1009532D6 /* Sources */,
				F05B76D327E11CE1009532D6 /* Frameworks */,
				F05B76D427E11CE1009532D6 /* Resources */,
			);
			buildRules = (
			);
			dependencies = (
			);
			name = "RandomUsers (macOS)";
			productName = "RandomUsers (macOS)";
			productReference = F05B76D627E11CE1009532D6 /* RandomUsers.app */;
			productType = "com.apple.product-type.application";
		};
/* End PBXNativeTarget section */

/* Begin PBXProject section */
		F05B76C427E11CE0009532D6 /* Project object */ = {
			isa = PBXProject;
			attributes = {
				BuildIndependentTargetsInParallel = 1;
				LastSwiftUpdateCheck = 1320;
				LastUpgradeCheck = 1320;
				TargetAttributes = {
					F05B76CF27E11CE1009532D6 = {
						CreatedOnToolsVersion = 13.2.1;
					};
					F05B76D527E11CE1009532D6 = {
						CreatedOnToolsVersion = 13.2.1;
					};
				};
			};
			buildConfigurationList = F05B76C727E11CE0009532D6 /* Build configuration list for PBXProject "RandomUsers" */;
			compatibilityVersion = "Xcode 13.0";
			developmentRegion = en;
			hasScannedForEncodings = 0;
			knownRegions = (
				en,
				Base,
			);
			mainGroup = F05B76C327E11CE0009532D6;
			productRefGroup = F05B76D127E11CE1009532D6 /* Products */;
			projectDirPath = "";
			projectRoot = "";
			targets = (
				F05B76CF27E11CE1009532D6 /* RandomUsers (iOS) */,
				F05B76D527E11CE1009532D6 /* RandomUsers (macOS) */,
			);
		};
/* End PBXProject section */

/* Begin PBXResourcesBuildPhase section */
		F05B76CE27E11CE1009532D6 /* Resources */ = {
			isa = PBXResourcesBuildPhase;
			buildActionMask = 2147483647;
			files = (
				F05B76DD27E11CE1009532D6 /* Assets.xcassets in Resources */,
			);
			runOnlyForDeploymentPostprocessing = 0;
		};
		F05B76D427E11CE1009532D6 /* Resources */ = {
			isa = PBXResourcesBuildPhase;
			buildActionMask = 2147483647;
			files = (
				F05B76DE27E11CE1009532D6 /* Assets.xcassets in Resources */,
			);
			runOnlyForDeploymentPostprocessing = 0;
		};
/* End PBXResourcesBuildPhase section */

/* Begin PBXSourcesBuildPhase section */
		F05B76CC27E11CE1009532D6 /* Sources */ = {
			isa = PBXSourcesBuildPhase;
			buildActionMask = 2147483647;
			files = (
				F05B76F527E23D77009532D6 /* UsersListItemViewModel.swift in Sources */,
				F05B76EF27E1236E009532D6 /* User.swift in Sources */,
				F05B76F227E23CB5009532D6 /* UsersListItem.swift in Sources */,
				F05B76DB27E11CE1009532D6 /* UserList.swift in Sources */,
				F05B76EB27E11FB9009532D6 /* UserListViewModel.swift in Sources */,
				F05B76D927E11CE1009532D6 /* RandomUsersApp.swift in Sources */,
			);
			runOnlyForDeploymentPostprocessing = 0;
		};
		F05B76D227E11CE1009532D6 /* Sources */ = {
			isa = PBXSourcesBuildPhase;
			buildActionMask = 2147483647;
			files = (
				F05B76F627E23D77009532D6 /* UsersListItemViewModel.swift in Sources */,
				F05B76F027E124D9009532D6 /* User.swift in Sources */,
				F05B76F327E23CB5009532D6 /* UsersListItem.swift in Sources */,
				F05B76EC27E12270009532D6 /* UserList.swift in Sources */,
				F05B76ED27E12273009532D6 /* UserListViewModel.swift in Sources */,
				F05B76DA27E11CE1009532D6 /* RandomUsersApp.swift in Sources */,
			);
			runOnlyForDeploymentPostprocessing = 0;
		};
/* End PBXSourcesBuildPhase section */

/* Begin XCBuildConfiguration section */
		F05B76DF27E11CE1009532D6 /* Debug */ = {
			isa = XCBuildConfiguration;
			buildSettings = {
				ALWAYS_SEARCH_USER_PATHS = NO;
				CLANG_ANALYZER_NONNULL = YES;
				CLANG_ANALYZER_NUMBER_OBJECT_CONVERSION = YES_AGGRESSIVE;
				CLANG_CXX_LANGUAGE_STANDARD = "gnu++17";
				CLANG_CXX_LIBRARY = "libc++";
				CLANG_ENABLE_MODULES = YES;
				CLANG_ENABLE_OBJC_ARC = YES;
				CLANG_ENABLE_OBJC_WEAK = YES;
				CLANG_WARN_BLOCK_CAPTURE_AUTORELEASING = YES;
				CLANG_WARN_BOOL_CONVERSION = YES;
				CLANG_WARN_COMMA = YES;
				CLANG_WARN_CONSTANT_CONVERSION = YES;
				CLANG_WARN_DEPRECATED_OBJC_IMPLEMENTATIONS = YES;
				CLANG_WARN_DIRECT_OBJC_ISA_USAGE = YES_ERROR;
				CLANG_WARN_DOCUMENTATION_COMMENTS = YES;
				CLANG_WARN_EMPTY_BODY = YES;
				CLANG_WARN_ENUM_CONVERSION = YES;
				CLANG_WARN_INFINITE_RECURSION = YES;
				CLANG_WARN_INT_CONVERSION = YES;
				CLANG_WARN_NON_LITERAL_NULL_CONVERSION = YES;
				CLANG_WARN_OBJC_IMPLICIT_RETAIN_SELF = YES;
				CLANG_WARN_OBJC_LITERAL_CONVERSION = YES;
				CLANG_WARN_OBJC_ROOT_CLASS = YES_ERROR;
				CLANG_WARN_QUOTED_INCLUDE_IN_FRAMEWORK_HEADER = YES;
				CLANG_WARN_RANGE_LOOP_ANALYSIS = YES;
				CLANG_WARN_STRICT_PROTOTYPES = YES;
				CLANG_WARN_SUSPICIOUS_MOVE = YES;
				CLANG_WARN_UNGUARDED_AVAILABILITY = YES_AGGRESSIVE;
				CLANG_WARN_UNREACHABLE_CODE = YES;
				CLANG_WARN__DUPLICATE_METHOD_MATCH = YES;
				COPY_PHASE_STRIP = NO;
				DEBUG_INFORMATION_FORMAT = dwarf;
				ENABLE_STRICT_OBJC_MSGSEND = YES;
				ENABLE_TESTABILITY = YES;
				GCC_C_LANGUAGE_STANDARD = gnu11;
				GCC_DYNAMIC_NO_PIC = NO;
				GCC_NO_COMMON_BLOCKS = YES;
				GCC_OPTIMIZATION_LEVEL = 0;
				GCC_PREPROCESSOR_DEFINITIONS = (
					"DEBUG=1",
					"$(inherited)",
				);
				GCC_WARN_64_TO_32_BIT_CONVERSION = YES;
				GCC_WARN_ABOUT_RETURN_TYPE = YES_ERROR;
				GCC_WARN_UNDECLARED_SELECTOR = YES;
				GCC_WARN_UNINITIALIZED_AUTOS = YES_AGGRESSIVE;
				GCC_WARN_UNUSED_FUNCTION = YES;
				GCC_WARN_UNUSED_VARIABLE = YES;
				IPHONEOS_DEPLOYMENT_TARGET = 15.2;
				MACOSX_DEPLOYMENT_TARGET = 12.2;
				MTL_ENABLE_DEBUG_INFO = INCLUDE_SOURCE;
				MTL_FAST_MATH = YES;
				ONLY_ACTIVE_ARCH = YES;
				SWIFT_ACTIVE_COMPILATION_CONDITIONS = DEBUG;
				SWIFT_OPTIMIZATION_LEVEL = "-Onone";
			};
			name = Debug;
		};
		F05B76E027E11CE1009532D6 /* Release */ = {
			isa = XCBuildConfiguration;
			buildSettings = {
				ALWAYS_SEARCH_USER_PATHS = NO;
				CLANG_ANALYZER_NONNULL = YES;
				CLANG_ANALYZER_NUMBER_OBJECT_CONVERSION = YES_AGGRESSIVE;
				CLANG_CXX_LANGUAGE_STANDARD = "gnu++17";
				CLANG_CXX_LIBRARY = "libc++";
				CLANG_ENABLE_MODULES = YES;
				CLANG_ENABLE_OBJC_ARC = YES;
				CLANG_ENABLE_OBJC_WEAK = YES;
				CLANG_WARN_BLOCK_CAPTURE_AUTORELEASING = YES;
				CLANG_WARN_BOOL_CONVERSION = YES;
				CLANG_WARN_COMMA = YES;
				CLANG_WARN_CONSTANT_CONVERSION = YES;
				CLANG_WARN_DEPRECATED_OBJC_IMPLEMENTATIONS = YES;
				CLANG_WARN_DIRECT_OBJC_ISA_USAGE = YES_ERROR;
				CLANG_WARN_DOCUMENTATION_COMMENTS = YES;
				CLANG_WARN_EMPTY_BODY = YES;
				CLANG_WARN_ENUM_CONVERSION = YES;
				CLANG_WARN_INFINITE_RECURSION = YES;
				CLANG_WARN_INT_CONVERSION = YES;
				CLANG_WARN_NON_LITERAL_NULL_CONVERSION = YES;
				CLANG_WARN_OBJC_IMPLICIT_RETAIN_SELF = YES;
				CLANG_WARN_OBJC_LITERAL_CONVERSION = YES;
				CLANG_WARN_OBJC_ROOT_CLASS = YES_ERROR;
				CLANG_WARN_QUOTED_INCLUDE_IN_FRAMEWORK_HEADER = YES;
				CLANG_WARN_RANGE_LOOP_ANALYSIS = YES;
				CLANG_WARN_STRICT_PROTOTYPES = YES;
				CLANG_WARN_SUSPICIOUS_MOVE = YES;
				CLANG_WARN_UNGUARDED_AVAILABILITY = YES_AGGRESSIVE;
				CLANG_WARN_UNREACHABLE_CODE = YES;
				CLANG_WARN__DUPLICATE_METHOD_MATCH = YES;
				COPY_PHASE_STRIP = NO;
				DEBUG_INFORMATION_FORMAT = "dwarf-with-dsym";
				ENABLE_NS_ASSERTIONS = NO;
				ENABLE_STRICT_OBJC_MSGSEND = YES;
				GCC_C_LANGUAGE_STANDARD = gnu11;
				GCC_NO_COMMON_BLOCKS = YES;
				GCC_WARN_64_TO_32_BIT_CONVERSION = YES;
				GCC_WARN_ABOUT_RETURN_TYPE = YES_ERROR;
				GCC_WARN_UNDECLARED_SELECTOR = YES;
				GCC_WARN_UNINITIALIZED_AUTOS = YES_AGGRESSIVE;
				GCC_WARN_UNUSED_FUNCTION = YES;
				GCC_WARN_UNUSED_VARIABLE = YES;
				IPHONEOS_DEPLOYMENT_TARGET = 15.2;
				MACOSX_DEPLOYMENT_TARGET = 12.2;
				MTL_ENABLE_DEBUG_INFO = NO;
				MTL_FAST_MATH = YES;
				SWIFT_COMPILATION_MODE = wholemodule;
				SWIFT_OPTIMIZATION_LEVEL = "-O";
			};
			name = Release;
		};
		F05B76E227E11CE1009532D6 /* Debug */ = {
			isa = XCBuildConfiguration;
			buildSettings = {
				ASSETCATALOG_COMPILER_APPICON_NAME = AppIcon;
				ASSETCATALOG_COMPILER_GLOBAL_ACCENT_COLOR_NAME = AccentColor;
				CODE_SIGN_STYLE = Automatic;
				CURRENT_PROJECT_VERSION = 1;
				DEVELOPMENT_TEAM = 96T2QS98Q3;
				ENABLE_PREVIEWS = YES;
				GENERATE_INFOPLIST_FILE = YES;
				INFOPLIST_KEY_UIApplicationSceneManifest_Generation = YES;
				INFOPLIST_KEY_UIApplicationSupportsIndirectInputEvents = YES;
				INFOPLIST_KEY_UILaunchScreen_Generation = YES;
				INFOPLIST_KEY_UISupportedInterfaceOrientations_iPad = "UIInterfaceOrientationPortrait UIInterfaceOrientationPortraitUpsideDown UIInterfaceOrientationLandscapeLeft UIInterfaceOrientationLandscapeRight";
				INFOPLIST_KEY_UISupportedInterfaceOrientations_iPhone = "UIInterfaceOrientationPortrait UIInterfaceOrientationLandscapeLeft UIInterfaceOrientationLandscapeRight";
				IPHONEOS_DEPLOYMENT_TARGET = 15.2;
				LD_RUNPATH_SEARCH_PATHS = (
					"$(inherited)",
					"@executable_path/Frameworks",
				);
				MARKETING_VERSION = 1.0;
				PRODUCT_BUNDLE_IDENTIFIER = com.cortilab.randomusers.RandomUsers;
				PRODUCT_NAME = RandomUsers;
				SDKROOT = iphoneos;
				SWIFT_EMIT_LOC_STRINGS = YES;
				SWIFT_VERSION = 5.0;
				TARGETED_DEVICE_FAMILY = "1,2";
			};
			name = Debug;
		};
		F05B76E327E11CE1009532D6 /* Release */ = {
			isa = XCBuildConfiguration;
			buildSettings = {
				ASSETCATALOG_COMPILER_APPICON_NAME = AppIcon;
				ASSETCATALOG_COMPILER_GLOBAL_ACCENT_COLOR_NAME = AccentColor;
				CODE_SIGN_STYLE = Automatic;
				CURRENT_PROJECT_VERSION = 1;
				DEVELOPMENT_TEAM = 96T2QS98Q3;
				ENABLE_PREVIEWS = YES;
				GENERATE_INFOPLIST_FILE = YES;
				INFOPLIST_KEY_UIApplicationSceneManifest_Generation = YES;
				INFOPLIST_KEY_UIApplicationSupportsIndirectInputEvents = YES;
				INFOPLIST_KEY_UILaunchScreen_Generation = YES;
				INFOPLIST_KEY_UISupportedInterfaceOrientations_iPad = "UIInterfaceOrientationPortrait UIInterfaceOrientationPortraitUpsideDown UIInterfaceOrientationLandscapeLeft UIInterfaceOrientationLandscapeRight";
				INFOPLIST_KEY_UISupportedInterfaceOrientations_iPhone = "UIInterfaceOrientationPortrait UIInterfaceOrientationLandscapeLeft UIInterfaceOrientationLandscapeRight";
				IPHONEOS_DEPLOYMENT_TARGET = 15.2;
				LD_RUNPATH_SEARCH_PATHS = (
					"$(inherited)",
					"@executable_path/Frameworks",
				);
				MARKETING_VERSION = 1.0;
				PRODUCT_BUNDLE_IDENTIFIER = com.cortilab.randomusers.RandomUsers;
				PRODUCT_NAME = RandomUsers;
				SDKROOT = iphoneos;
				SWIFT_EMIT_LOC_STRINGS = YES;
				SWIFT_VERSION = 5.0;
				TARGETED_DEVICE_FAMILY = "1,2";
				VALIDATE_PRODUCT = YES;
			};
			name = Release;
		};
		F05B76E527E11CE1009532D6 /* Debug */ = {
			isa = XCBuildConfiguration;
			buildSettings = {
				ASSETCATALOG_COMPILER_APPICON_NAME = AppIcon;
				ASSETCATALOG_COMPILER_GLOBAL_ACCENT_COLOR_NAME = AccentColor;
				CODE_SIGN_ENTITLEMENTS = macOS/macOS.entitlements;
				CODE_SIGN_STYLE = Automatic;
				COMBINE_HIDPI_IMAGES = YES;
				CURRENT_PROJECT_VERSION = 1;
				DEVELOPMENT_TEAM = 96T2QS98Q3;
				ENABLE_HARDENED_RUNTIME = YES;
				ENABLE_PREVIEWS = YES;
				GENERATE_INFOPLIST_FILE = YES;
				INFOPLIST_KEY_NSHumanReadableCopyright = "";
				LD_RUNPATH_SEARCH_PATHS = (
					"$(inherited)",
					"@executable_path/../Frameworks",
				);
				MACOSX_DEPLOYMENT_TARGET = 12.1;
				MARKETING_VERSION = 1.0;
				PRODUCT_BUNDLE_IDENTIFIER = com.cortilab.randomusers.RandomUsers;
				PRODUCT_NAME = RandomUsers;
				SDKROOT = macosx;
				SWIFT_EMIT_LOC_STRINGS = YES;
				SWIFT_VERSION = 5.0;
			};
			name = Debug;
		};
		F05B76E627E11CE1009532D6 /* Release */ = {
			isa = XCBuildConfiguration;
			buildSettings = {
				ASSETCATALOG_COMPILER_APPICON_NAME = AppIcon;
				ASSETCATALOG_COMPILER_GLOBAL_ACCENT_COLOR_NAME = AccentColor;
				CODE_SIGN_ENTITLEMENTS = macOS/macOS.entitlements;
				CODE_SIGN_STYLE = Automatic;
				COMBINE_HIDPI_IMAGES = YES;
				CURRENT_PROJECT_VERSION = 1;
				DEVELOPMENT_TEAM = 96T2QS98Q3;
				ENABLE_HARDENED_RUNTIME = YES;
				ENABLE_PREVIEWS = YES;
				GENERATE_INFOPLIST_FILE = YES;
				INFOPLIST_KEY_NSHumanReadableCopyright = "";
				LD_RUNPATH_SEARCH_PATHS = (
					"$(inherited)",
					"@executable_path/../Frameworks",
				);
				MACOSX_DEPLOYMENT_TARGET = 12.1;
				MARKETING_VERSION = 1.0;
				PRODUCT_BUNDLE_IDENTIFIER = com.cortilab.randomusers.RandomUsers;
				PRODUCT_NAME = RandomUsers;
				SDKROOT = macosx;
				SWIFT_EMIT_LOC_STRINGS = YES;
				SWIFT_VERSION = 5.0;
			};
			name = Release;
		};
/* End XCBuildConfiguration section */

/* Begin XCConfigurationList section */
		F05B76C727E11CE0009532D6 /* Build configuration list for PBXProject "RandomUsers" */ = {
			isa = XCConfigurationList;
			buildConfigurations = (
				F05B76DF27E11CE1009532D6 /* Debug */,
				F05B76E027E11CE1009532D6 /* Release */,
			);
			defaultConfigurationIsVisible = 0;
			defaultConfigurationName = Release;
		};
		F05B76E127E11CE1009532D6 /* Build configuration list for PBXNativeTarget "RandomUsers (iOS)" */ = {
			isa = XCConfigurationList;
			buildConfigurations = (
				F05B76E227E11CE1009532D6 /* Debug */,
				F05B76E327E11CE1009532D6 /* Release */,
			);
			defaultConfigurationIsVisible = 0;
			defaultConfigurationName = Release;
		};
		F05B76E427E11CE1009532D6 /* Build configuration list for PBXNativeTarget "RandomUsers (macOS)" */ = {
			isa = XCConfigurationList;
			buildConfigurations = (
				F05B76E527E11CE1009532D6 /* Debug */,
				F05B76E627E11CE1009532D6 /* Release */,
			);
			defaultConfigurationIsVisible = 0;
			defaultConfigurationName = Release;
		};
/* End XCConfigurationList section */
	};
	rootObject = F05B76C427E11CE0009532D6 /* Project object */;
}
